# THIS IS AN AUTOGENERATED FILE. DO NOT EDIT THIS FILE DIRECTLY.
# yarn lockfile v1


"@babel/runtime@^7.2.0":
  version "7.2.0"
  resolved "https://registry.yarnpkg.com/@babel/runtime/-/runtime-7.2.0.tgz#b03e42eeddf5898e00646e4c840fa07ba8dcad7f"
  dependencies:
    regenerator-runtime "^0.12.0"

"@videojs/http-streaming@1.5.1":
  version "1.5.1"
  resolved "https://registry.yarnpkg.com/@videojs/http-streaming/-/http-streaming-1.5.1.tgz#b6c81ec1f1ec93ee57c261f34c144f5493c9fc31"
  dependencies:
    aes-decrypter "3.0.0"
    global "^4.3.0"
    m3u8-parser "4.2.0"
    mpd-parser "0.7.0"
    mux.js "5.0.1"
    url-toolkit "^2.1.3"
    video.js "^6.8.0 || ^7.0.0"

aes-decrypter@3.0.0:
  version "3.0.0"
  resolved "https://registry.yarnpkg.com/aes-decrypter/-/aes-decrypter-3.0.0.tgz#7848a1c145b9fdbf57ae3e2b5b1bc7cf0644a8fb"
  dependencies:
    commander "^2.9.0"
    global "^4.3.2"
    pkcs7 "^1.0.2"

bootstrap-autohidingnavbar@^4.0.0:
  version "4.0.0"
  resolved "https://registry.yarnpkg.com/bootstrap-autohidingnavbar/-/bootstrap-autohidingnavbar-4.0.0.tgz#10a2853e62e7ef98f09b46ba4ca181e04ad4850a"

bootstrap-datepicker@1.8.0:
  version "1.8.0"
  resolved "https://registry.yarnpkg.com/bootstrap-datepicker/-/bootstrap-datepicker-1.8.0.tgz#c63513931e6f09f16ae9f11b62f32d950df3958e"
  dependencies:
    jquery ">=1.7.1 <4.0.0"

bootstrap4-fs-modal@^0.1.5:
  version "0.1.5"
  resolved "https://registry.yarnpkg.com/bootstrap4-fs-modal/-/bootstrap4-fs-modal-0.1.5.tgz#771802571af90bad35c72fc1f7b3d8db303b32c4"
  dependencies:
    bootstrap "^4.1.3"

bootstrap@^4.1.2, bootstrap@^4.1.3:
  version "4.2.1"
  resolved "https://registry.yarnpkg.com/bootstrap/-/bootstrap-4.2.1.tgz#8f8bdca024dbf0e8644da32e918c8a03a90a5757"

commander@^2.9.0:
  version "2.19.0"
  resolved "https://registry.yarnpkg.com/commander/-/commander-2.19.0.tgz#f6198aa84e5b83c46054b94ddedbfed5ee9ff12a"

dom-walk@^0.1.0:
  version "0.1.1"
  resolved "https://registry.yarnpkg.com/dom-walk/-/dom-walk-0.1.1.tgz#672226dc74c8f799ad35307df936aba11acd6018"

font-awesome@^4.7.0:
  version "4.7.0"
  resolved "https://registry.yarnpkg.com/font-awesome/-/font-awesome-4.7.0.tgz#8fa8cf0411a1a31afd07b06d2902bb9fc815a133"

for-each@^0.3.2:
  version "0.3.3"
  resolved "https://registry.yarnpkg.com/for-each/-/for-each-0.3.3.tgz#69b447e88a0a5d32c3e7084f3f1710034b21376e"
  dependencies:
    is-callable "^1.1.3"

global@4.3.2, global@^4.3.0, global@^4.3.1, global@^4.3.2, global@~4.3.0:
  version "4.3.2"
  resolved "https://registry.yarnpkg.com/global/-/global-4.3.2.tgz#e76989268a6c74c38908b1305b10fc0e394e9d0f"
  dependencies:
    min-document "^2.19.0"
    process "~0.5.1"

individual@^2.0.0:
  version "2.0.0"
  resolved "https://registry.yarnpkg.com/individual/-/individual-2.0.0.tgz#833b097dad23294e76117a98fb38e0d9ad61bb97"

is-callable@^1.1.3:
  version "1.1.4"
  resolved "https://registry.yarnpkg.com/is-callable/-/is-callable-1.1.4.tgz#1e1adf219e1eeb684d691f9d6a05ff0d30a24d75"

is-function@^1.0.1:
  version "1.0.1"
  resolved "https://registry.yarnpkg.com/is-function/-/is-function-1.0.1.tgz#12cfb98b65b57dd3d193a3121f5f6e2f437602b5"

jquery-touchswipe@^1.6.19:
  version "1.6.19"
  resolved "https://registry.yarnpkg.com/jquery-touchswipe/-/jquery-touchswipe-1.6.19.tgz#dfd5ddaec0b78212dd500d29707129b9c7fd6cd4"

"jquery@>=1.7.1 <4.0.0", jquery@^3.3.1:
  version "3.3.1"
  resolved "https://registry.yarnpkg.com/jquery/-/jquery-3.3.1.tgz#958ce29e81c9790f31be7792df5d4d95fc57fbca"

m3u8-parser@4.2.0:
  version "4.2.0"
  resolved "https://registry.yarnpkg.com/m3u8-parser/-/m3u8-parser-4.2.0.tgz#c8e0785fd17f741f4408b49466889274a9e36447"

min-document@^2.19.0:
  version "2.19.0"
  resolved "https://registry.yarnpkg.com/min-document/-/min-document-2.19.0.tgz#7bd282e3f5842ed295bb748cdd9f1ffa2c824685"
  dependencies:
    dom-walk "^0.1.0"

moment@2.29.2:
  version "2.29.2"
  resolved "https://registry.yarnpkg.com/moment/-/moment-2.29.2.tgz#00910c60b20843bcba52d37d58c628b47b1f20e4"

mpd-parser@0.7.0:
  version "0.7.0"
  resolved "https://registry.yarnpkg.com/mpd-parser/-/mpd-parser-0.7.0.tgz#d36e3322579fce23d657f71a3c2f3e6cc5ce4002"
  dependencies:
    global "^4.3.2"
    url-toolkit "^2.1.1"

mux.js@5.0.1:
  version "5.0.1"
  resolved "https://registry.yarnpkg.com/mux.js/-/mux.js-5.0.1.tgz#ccf757d18f30e65179bd38d60ccc9f04e9cb1e3a"

parse-headers@^2.0.0:
  version "2.0.1"
  resolved "https://registry.yarnpkg.com/parse-headers/-/parse-headers-2.0.1.tgz#6ae83a7aa25a9d9b700acc28698cd1f1ed7e9536"
  dependencies:
    for-each "^0.3.2"
    trim "0.0.1"

pkcs7@^1.0.2:
  version "1.0.2"
  resolved "https://registry.yarnpkg.com/pkcs7/-/pkcs7-1.0.2.tgz#b6dba527528c2942bfc122ce2dafcdb5e59074e7"

popper.js@^1.14.3:
  version "1.14.6"
  resolved "https://registry.yarnpkg.com/popper.js/-/popper.js-1.14.6.tgz#ab20dd4edf9288b8b3b6531c47c361107b60b4b0"

process@~0.5.1:
  version "0.5.2"
  resolved "https://registry.yarnpkg.com/process/-/process-0.5.2.tgz#1638d8a8e34c2f440a91db95ab9aeb677fc185cf"

regenerator-runtime@^0.12.0:
  version "0.12.1"
  resolved "https://registry.yarnpkg.com/regenerator-runtime/-/regenerator-runtime-0.12.1.tgz#fa1a71544764c036f8c49b13a08b2594c9f8a0de"

rust-result@^1.0.0:
  version "1.0.0"
  resolved "https://registry.yarnpkg.com/rust-result/-/rust-result-1.0.0.tgz#34c75b2e6dc39fe5875e5bdec85b5e0f91536f72"
  dependencies:
    individual "^2.0.0"

safe-json-parse@4.0.0:
  version "4.0.0"
  resolved "https://registry.yarnpkg.com/safe-json-parse/-/safe-json-parse-4.0.0.tgz#7c0f578cfccd12d33a71c0e05413e2eca171eaac"
  dependencies:
    rust-result "^1.0.0"

trim@0.0.1:
  version "0.0.1"
  resolved "https://registry.yarnpkg.com/trim/-/trim-0.0.1.tgz#5858547f6b290757ee95cccc666fb50084c460dd"

tsml@1.0.1:
  version "1.0.1"
  resolved "https://registry.yarnpkg.com/tsml/-/tsml-1.0.1.tgz#89f8218b9d9e257f47d7f6b56d01c5a4d2c68fc3"

url-toolkit@^2.1.1, url-toolkit@^2.1.3:
  version "2.1.6"
  resolved "https://registry.yarnpkg.com/url-toolkit/-/url-toolkit-2.1.6.tgz#6d03246499e519aad224c44044a4ae20544154f2"

video.js@7.4.1, "video.js@^6 || ^7", "video.js@^6.8.0 || ^7.0.0":
  version "7.4.1"
  resolved "https://registry.yarnpkg.com/video.js/-/video.js-7.4.1.tgz#41349d3b0ca40fa281c6f906381a0a41b75bd04e"
  dependencies:
    "@babel/runtime" "^7.2.0"
    "@videojs/http-streaming" "1.5.1"
    global "4.3.2"
    safe-json-parse "4.0.0"
    tsml "1.0.1"
    videojs-font "3.1.0"
    videojs-vtt.js "0.14.1"
    xhr "2.4.0"

videojs-font@3.1.0:
  version "3.1.0"
  resolved "https://registry.yarnpkg.com/videojs-font/-/videojs-font-3.1.0.tgz#ac33be9b517fe19299f61cccd2b3c7d75a1c6960"

videojs-playlist@^4.3.0:
  version "4.3.0"
  resolved "https://registry.yarnpkg.com/videojs-playlist/-/videojs-playlist-4.3.0.tgz#67736a48f30575c84841512e50be38900be2ce4d"
  dependencies:
    global "^4.3.2"
    video.js "^6 || ^7"

videojs-vtt.js@0.14.1:
  version "0.14.1"
  resolved "https://registry.yarnpkg.com/videojs-vtt.js/-/videojs-vtt.js-0.14.1.tgz#da583eb1fc9c81c826a9432b706040e8dea49911"
  dependencies:
    global "^4.3.1"

xhr@2.4.0:
  version "2.4.0"
  resolved "https://registry.yarnpkg.com/xhr/-/xhr-2.4.0.tgz#e16e66a45f869861eeefab416d5eff722dc40993"
  dependencies:
    global "~4.3.0"
    is-function "^1.0.1"
    parse-headers "^2.0.0"
    xtend "^4.0.0"

xtend@^4.0.0:
  version "4.0.1"
  resolved "https://registry.yarnpkg.com/xtend/-/xtend-4.0.1.tgz#a5c6d532be656e23db820efb943a1f04998d63af"
